
Microsoft Visual Studio Solution File, Format Version 12.00
# Visual Studio Version 17
VisualStudioVersion = 17.4.33205.214
MinimumVisualStudioVersion = 10.0.40219.1
Project("{FAE04EC0-301F-11D3-BF4B-00C04F79EFBC}") = "StockTicker", "StockTicker\StockTicker.csproj", "{57F51834-373A-4600-A429-BB6D7E6134CE}"
EndProject
Global
	GlobalSection(SolutionConfigurationPlatforms) = preSolution
		Debug|Any CPU = Debug|Any CPU
		Release|Any CPU = Release|Any CPU
	EndGlobalSection
	GlobalSection(ProjectConfigurationPlatforms) = postSolution
		{57F51834-373A-4600-A429-BB6D7E6134CE}.Debug|Any CPU.ActiveCfg = Debug|Any CPU
		{57F51834-373A-4600-A429-BB6D7E6134CE}.Debug|Any CPU.Build.0 = Debug|Any CPU
		{57F51834-373A-4600-A429-BB6D7E6134CE}.Release|Any CPU.ActiveCfg = Release|Any CPU
		{57F51834-373A-4600-A429-BB6D7E6134CE}.Release|Any CPU.Build.0 = Release|Any CPU
	EndGlobalSection
	GlobalSection(SolutionProperties) = preSolution
		HideSolutionNode = FALSE
	EndGlobalSection
	GlobalSection(ExtensibilityGlobals) = postSolution
		SolutionGuid = {1BEF210C-AA7F-47EB-A037-56F93200F7EC}
	EndGlobalSection
EndGlobal
